
Microsoft Visual Studio Solution File, Format Version 12.00
# Visual Studio Version 16
VisualStudioVersion = 16.0.30717.126
MinimumVisualStudioVersion = 10.0.40219.1
Project("{FAE04EC0-301F-11D3-BF4B-00C04F79EFBC}") = "Invoicing.Server", "Invoicing\Server\Invoicing.Server.csproj", "{092AE9E8-FED0-4CB3-A325-1290713F1DB9}"
EndProject
Project("{FAE04EC0-301F-11D3-BF4B-00C04F79EFBC}") = "Invoicing.Client", "Invoicing\Client\Invoicing.Client.csproj", "{C5A1C3C3-61EB-4DC8-8B28-5037C92FB0CF}"
EndProject
Project("{FAE04EC0-301F-11D3-BF4B-00C04F79EFBC}") = "Invoicing.Shared", "Invoicing\Shared\Invoicing.Shared.csproj", "{CEF72371-69EC-47BF-BD87-3409B963258C}"
EndProject
Global
	GlobalSection(SolutionConfigurationPlatforms) = preSolution
		Debug|Any CPU = Debug|Any CPU
		Release|Any CPU = Release|Any CPU
	EndGlobalSection
	GlobalSection(ProjectConfigurationPlatforms) = postSolution
		{092AE9E8-FED0-4CB3-A325-1290713F1DB9}.Debug|Any CPU.ActiveCfg = Debug|Any CPU
		{092AE9E8-FED0-4CB3-A325-1290713F1DB9}.Debug|Any CPU.Build.0 = Debug|Any CPU
		{092AE9E8-FED0-4CB3-A325-1290713F1DB9}.Release|Any CPU.ActiveCfg = Release|Any CPU
		{092AE9E8-FED0-4CB3-A325-1290713F1DB9}.Release|Any CPU.Build.0 = Release|Any CPU
		{C5A1C3C3-61EB-4DC8-8B28-5037C92FB0CF}.Debug|Any CPU.ActiveCfg = Debug|Any CPU
		{C5A1C3C3-61EB-4DC8-8B28-5037C92FB0CF}.Debug|Any CPU.Build.0 = Debug|Any CPU
		{C5A1C3C3-61EB-4DC8-8B28-5037C92FB0CF}.Release|Any CPU.ActiveCfg = Release|Any CPU
		{C5A1C3C3-61EB-4DC8-8B28-5037C92FB0CF}.Release|Any CPU.Build.0 = Release|Any CPU
		{CEF72371-69EC-47BF-BD87-3409B963258C}.Debug|Any CPU.ActiveCfg = Debug|Any CPU
		{CEF72371-69EC-47BF-BD87-3409B963258C}.Debug|Any CPU.Build.0 = Debug|Any CPU
		{CEF72371-69EC-47BF-BD87-3409B963258C}.Release|Any CPU.ActiveCfg = Release|Any CPU
		{CEF72371-69EC-47BF-BD87-3409B963258C}.Release|Any CPU.Build.0 = Release|Any CPU
	EndGlobalSection
	GlobalSection(SolutionProperties) = preSolution
		HideSolutionNode = FALSE
	EndGlobalSection
	GlobalSection(ExtensibilityGlobals) = postSolution
		SolutionGuid = {EF20E702-4D99-4E02-9762-CA43B593C237}
	EndGlobalSection
EndGlobal
